// !$*UTF8*$!
{
	archiveVersion = 1;
	classes = {
	};
	objectVersion = 56;
	objects = {

/* Begin PBXBuildFile section */
		6B5AC7912AEC54A600688B64 /* Drawing.swift in Sources */ = {isa = PBXBuildFile; fileRef = 6B5AC7902AEC54A600688B64 /* Drawing.swift */; };
		6B5AC7942AEC54CF00688B64 /* UserViewModel.swift in Sources */ = {isa = PBXBuildFile; fileRef = 6B5AC7932AEC54CF00688B64 /* UserViewModel.swift */; };
		6B77A5B02AE415B500F05A2A /* GoogleService-Info.plist in Resources */ = {isa = PBXBuildFile; fileRef = 6B77A5AF2AE415B500F05A2A /* GoogleService-Info.plist */; };
		6B77A5B32AE418D400F05A2A /* FirebaseAnalytics in Frameworks */ = {isa = PBXBuildFile; productRef = 6B77A5B22AE418D400F05A2A /* FirebaseAnalytics */; };
		6B77A5B52AE418D400F05A2A /* FirebaseAnalyticsSwift in Frameworks */ = {isa = PBXBuildFile; productRef = 6B77A5B42AE418D400F05A2A /* FirebaseAnalyticsSwift */; };
		6B77A5B72AE418D400F05A2A /* FirebaseAuth in Frameworks */ = {isa = PBXBuildFile; productRef = 6B77A5B62AE418D400F05A2A /* FirebaseAuth */; };
		6B77A5B92AE418D400F05A2A /* FirebaseFirestore in Frameworks */ = {isa = PBXBuildFile; productRef = 6B77A5B82AE418D400F05A2A /* FirebaseFirestore */; };
		6B77A5BB2AE418D400F05A2A /* FirebaseFirestoreSwift in Frameworks */ = {isa = PBXBuildFile; productRef = 6B77A5BA2AE418D400F05A2A /* FirebaseFirestoreSwift */; };
		6B9B6CFE2ADA1F8000C1C233 /* DailyDoodleApp.swift in Sources */ = {isa = PBXBuildFile; fileRef = 6B9B6CFD2ADA1F8000C1C233 /* DailyDoodleApp.swift */; };
		6B9B6D022ADA1F8100C1C233 /* Assets.xcassets in Resources */ = {isa = PBXBuildFile; fileRef = 6B9B6D012ADA1F8100C1C233 /* Assets.xcassets */; };
		6B9B6D062ADA1F8100C1C233 /* Preview Assets.xcassets in Resources */ = {isa = PBXBuildFile; fileRef = 6B9B6D052ADA1F8100C1C233 /* Preview Assets.xcassets */; };
		6B9B6D102ADA1F8100C1C233 /* DailyDoodleTests.swift in Sources */ = {isa = PBXBuildFile; fileRef = 6B9B6D0F2ADA1F8100C1C233 /* DailyDoodleTests.swift */; };
		6B9B6D1A2ADA1F8100C1C233 /* DailyDoodleUITests.swift in Sources */ = {isa = PBXBuildFile; fileRef = 6B9B6D192ADA1F8100C1C233 /* DailyDoodleUITests.swift */; };
		6B9B6D1C2ADA1F8100C1C233 /* DailyDoodleUITestsLaunchTests.swift in Sources */ = {isa = PBXBuildFile; fileRef = 6B9B6D1B2ADA1F8100C1C233 /* DailyDoodleUITestsLaunchTests.swift */; };
		6B9B6D2A2ADA23E600C1C233 /* DrawingView.swift in Sources */ = {isa = PBXBuildFile; fileRef = 6B9B6D292ADA23E600C1C233 /* DrawingView.swift */; };
		6BD24B8F2ADC4F2400B4FC10 /* ColorSelector.swift in Sources */ = {isa = PBXBuildFile; fileRef = 6BD24B8E2ADC4F2400B4FC10 /* ColorSelector.swift */; };
		6BD24B912ADF822000B4FC10 /* ColorMenuButton.swift in Sources */ = {isa = PBXBuildFile; fileRef = 6BD24B902ADF822000B4FC10 /* ColorMenuButton.swift */; };
		6BD24B942ADF82A600B4FC10 /* StrokeWidthSelector.swift in Sources */ = {isa = PBXBuildFile; fileRef = 6BD24B932ADF82A600B4FC10 /* StrokeWidthSelector.swift */; };
		6BD24B962ADF8B8800B4FC10 /* (null) in Sources */ = {isa = PBXBuildFile; };
		6D410B0B2AE1B23000C6A001 /* Gradient Background.swift in Sources */ = {isa = PBXBuildFile; fileRef = 6D410B0A2AE1B23000C6A001 /* Gradient Background.swift */; };
		6D410B0E2AE1B31A00C6A001 /* LoginView.swift in Sources */ = {isa = PBXBuildFile; fileRef = 6D410B0D2AE1B31A00C6A001 /* LoginView.swift */; };
		6D410B102AE1B33F00C6A001 /* LandingView.swift in Sources */ = {isa = PBXBuildFile; fileRef = 6D410B0F2AE1B33F00C6A001 /* LandingView.swift */; };
		6D410B122AE1B36700C6A001 /* CreateAccountView.swift in Sources */ = {isa = PBXBuildFile; fileRef = 6D410B112AE1B36700C6A001 /* CreateAccountView.swift */; };
		6D410B142AE1B37800C6A001 /* ResetPasswordView.swift in Sources */ = {isa = PBXBuildFile; fileRef = 6D410B132AE1B37800C6A001 /* ResetPasswordView.swift */; };
/* End PBXBuildFile section */

/* Begin PBXContainerItemProxy section */
		6B9B6D0C2ADA1F8100C1C233 /* PBXContainerItemProxy */ = {
			isa = PBXContainerItemProxy;
			containerPortal = 6B9B6CF22ADA1F8000C1C233 /* Project object */;
			proxyType = 1;
			remoteGlobalIDString = 6B9B6CF92ADA1F8000C1C233;
			remoteInfo = DailyDoodle;
		};
		6B9B6D162ADA1F8100C1C233 /* PBXContainerItemProxy */ = {
			isa = PBXContainerItemProxy;
			containerPortal = 6B9B6CF22ADA1F8000C1C233 /* Project object */;
			proxyType = 1;
			remoteGlobalIDString = 6B9B6CF92ADA1F8000C1C233;
			remoteInfo = DailyDoodle;
		};
/* End PBXContainerItemProxy section */

/* Begin PBXFileReference section */
		6B5AC7902AEC54A600688B64 /* Drawing.swift */ = {isa = PBXFileReference; lastKnownFileType = sourcecode.swift; path = Drawing.swift; sourceTree = "<group>"; };
		6B5AC7932AEC54CF00688B64 /* UserViewModel.swift */ = {isa = PBXFileReference; lastKnownFileType = sourcecode.swift; path = UserViewModel.swift; sourceTree = "<group>"; };
		6B77A5AF2AE415B500F05A2A /* GoogleService-Info.plist */ = {isa = PBXFileReference; fileEncoding = 4; lastKnownFileType = text.plist.xml; name = "GoogleService-Info.plist"; path = "../../../../../Downloads/GoogleService-Info.plist"; sourceTree = "<group>"; };
		6B9B6CFA2ADA1F8000C1C233 /* DailyDoodle.app */ = {isa = PBXFileReference; explicitFileType = wrapper.application; includeInIndex = 0; path = DailyDoodle.app; sourceTree = BUILT_PRODUCTS_DIR; };
		6B9B6CFD2ADA1F8000C1C233 /* DailyDoodleApp.swift */ = {isa = PBXFileReference; lastKnownFileType = sourcecode.swift; path = DailyDoodleApp.swift; sourceTree = "<group>"; };
		6B9B6D012ADA1F8100C1C233 /* Assets.xcassets */ = {isa = PBXFileReference; lastKnownFileType = folder.assetcatalog; path = Assets.xcassets; sourceTree = "<group>"; };
		6B9B6D032ADA1F8100C1C233 /* DailyDoodle.entitlements */ = {isa = PBXFileReference; lastKnownFileType = text.plist.entitlements; path = DailyDoodle.entitlements; sourceTree = "<group>"; };
		6B9B6D052ADA1F8100C1C233 /* Preview Assets.xcassets */ = {isa = PBXFileReference; lastKnownFileType = folder.assetcatalog; path = "Preview Assets.xcassets"; sourceTree = "<group>"; };
		6B9B6D0B2ADA1F8100C1C233 /* DailyDoodleTests.xctest */ = {isa = PBXFileReference; explicitFileType = wrapper.cfbundle; includeInIndex = 0; path = DailyDoodleTests.xctest; sourceTree = BUILT_PRODUCTS_DIR; };
		6B9B6D0F2ADA1F8100C1C233 /* DailyDoodleTests.swift */ = {isa = PBXFileReference; lastKnownFileType = sourcecode.swift; path = DailyDoodleTests.swift; sourceTree = "<group>"; };
		6B9B6D152ADA1F8100C1C233 /* DailyDoodleUITests.xctest */ = {isa = PBXFileReference; explicitFileType = wrapper.cfbundle; includeInIndex = 0; path = DailyDoodleUITests.xctest; sourceTree = BUILT_PRODUCTS_DIR; };
		6B9B6D192ADA1F8100C1C233 /* DailyDoodleUITests.swift */ = {isa = PBXFileReference; lastKnownFileType = sourcecode.swift; path = DailyDoodleUITests.swift; sourceTree = "<group>"; };
		6B9B6D1B2ADA1F8100C1C233 /* DailyDoodleUITestsLaunchTests.swift */ = {isa = PBXFileReference; lastKnownFileType = sourcecode.swift; path = DailyDoodleUITestsLaunchTests.swift; sourceTree = "<group>"; };
		6B9B6D292ADA23E600C1C233 /* DrawingView.swift */ = {isa = PBXFileReference; lastKnownFileType = sourcecode.swift; path = DrawingView.swift; sourceTree = "<group>"; };
		6BD24B8E2ADC4F2400B4FC10 /* ColorSelector.swift */ = {isa = PBXFileReference; lastKnownFileType = sourcecode.swift; path = ColorSelector.swift; sourceTree = "<group>"; };
		6BD24B902ADF822000B4FC10 /* ColorMenuButton.swift */ = {isa = PBXFileReference; lastKnownFileType = sourcecode.swift; path = ColorMenuButton.swift; sourceTree = "<group>"; };
		6BD24B932ADF82A600B4FC10 /* StrokeWidthSelector.swift */ = {isa = PBXFileReference; lastKnownFileType = sourcecode.swift; path = StrokeWidthSelector.swift; sourceTree = "<group>"; };
		6D410B0A2AE1B23000C6A001 /* Gradient Background.swift */ = {isa = PBXFileReference; lastKnownFileType = sourcecode.swift; path = "Gradient Background.swift"; sourceTree = "<group>"; };
		6D410B0D2AE1B31A00C6A001 /* LoginView.swift */ = {isa = PBXFileReference; lastKnownFileType = sourcecode.swift; path = LoginView.swift; sourceTree = "<group>"; };
		6D410B0F2AE1B33F00C6A001 /* LandingView.swift */ = {isa = PBXFileReference; lastKnownFileType = sourcecode.swift; path = LandingView.swift; sourceTree = "<group>"; };
		6D410B112AE1B36700C6A001 /* CreateAccountView.swift */ = {isa = PBXFileReference; lastKnownFileType = sourcecode.swift; path = CreateAccountView.swift; sourceTree = "<group>"; };
		6D410B132AE1B37800C6A001 /* ResetPasswordView.swift */ = {isa = PBXFileReference; lastKnownFileType = sourcecode.swift; path = ResetPasswordView.swift; sourceTree = "<group>"; };
/* End PBXFileReference section */

/* Begin PBXFrameworksBuildPhase section */
		6B9B6CF72ADA1F8000C1C233 /* Frameworks */ = {
			isa = PBXFrameworksBuildPhase;
			buildActionMask = 2147483647;
			files = (
				6B77A5BB2AE418D400F05A2A /* FirebaseFirestoreSwift in Frameworks */,
				6B77A5B52AE418D400F05A2A /* FirebaseAnalyticsSwift in Frameworks */,
				6B77A5B92AE418D400F05A2A /* FirebaseFirestore in Frameworks */,
				6B77A5B72AE418D400F05A2A /* FirebaseAuth in Frameworks */,
				6B77A5B32AE418D400F05A2A /* FirebaseAnalytics in Frameworks */,
			);
			runOnlyForDeploymentPostprocessing = 0;
		};
		6B9B6D082ADA1F8100C1C233 /* Frameworks */ = {
			isa = PBXFrameworksBuildPhase;
			buildActionMask = 2147483647;
			files = (
			);
			runOnlyForDeploymentPostprocessing = 0;
		};
		6B9B6D122ADA1F8100C1C233 /* Frameworks */ = {
			isa = PBXFrameworksBuildPhase;
			buildActionMask = 2147483647;
			files = (
			);
			runOnlyForDeploymentPostprocessing = 0;
		};
/* End PBXFrameworksBuildPhase section */

/* Begin PBXGroup section */
		6B5AC78F2AEC53C900688B64 /* ViewModels */ = {
			isa = PBXGroup;
			children = (
				6B5AC7902AEC54A600688B64 /* Drawing.swift */,
				6B5AC7932AEC54CF00688B64 /* UserViewModel.swift */,
			);
			path = ViewModels;
			sourceTree = "<group>";
		};
		6B5AC7922AEC54B400688B64 /* Networking */ = {
			isa = PBXGroup;
			children = (
			);
			path = Networking;
			sourceTree = "<group>";
		};
		6B9B6CF12ADA1F8000C1C233 = {
			isa = PBXGroup;
			children = (
				6B9B6CFC2ADA1F8000C1C233 /* DailyDoodle */,
				6B9B6D0E2ADA1F8100C1C233 /* DailyDoodleTests */,
				6B9B6D182ADA1F8100C1C233 /* DailyDoodleUITests */,
				6B9B6CFB2ADA1F8000C1C233 /* Products */,
			);
			sourceTree = "<group>";
		};
		6B9B6CFB2ADA1F8000C1C233 /* Products */ = {
			isa = PBXGroup;
			children = (
				6B9B6CFA2ADA1F8000C1C233 /* DailyDoodle.app */,
				6B9B6D0B2ADA1F8100C1C233 /* DailyDoodleTests.xctest */,
				6B9B6D152ADA1F8100C1C233 /* DailyDoodleUITests.xctest */,
			);
			name = Products;
			sourceTree = "<group>";
		};
		6B9B6CFC2ADA1F8000C1C233 /* DailyDoodle */ = {
			isa = PBXGroup;
			children = (
				6B5AC7922AEC54B400688B64 /* Networking */,
				6B5AC78F2AEC53C900688B64 /* ViewModels */,
				6D410B0C2AE1B30B00C6A001 /* Login */,
				6D410B092AE1B12E00C6A001 /* Design */,
				6B9B6D282ADA220100C1C233 /* UI */,
				6B9B6CFD2ADA1F8000C1C233 /* DailyDoodleApp.swift */,
				6B9B6D012ADA1F8100C1C233 /* Assets.xcassets */,
				6B77A5AF2AE415B500F05A2A /* GoogleService-Info.plist */,
				6B9B6D032ADA1F8100C1C233 /* DailyDoodle.entitlements */,
				6B9B6D042ADA1F8100C1C233 /* Preview Content */,
			);
			path = DailyDoodle;
			sourceTree = "<group>";
		};
		6B9B6D042ADA1F8100C1C233 /* Preview Content */ = {
			isa = PBXGroup;
			children = (
				6B9B6D052ADA1F8100C1C233 /* Preview Assets.xcassets */,
			);
			path = "Preview Content";
			sourceTree = "<group>";
		};
		6B9B6D0E2ADA1F8100C1C233 /* DailyDoodleTests */ = {
			isa = PBXGroup;
			children = (
				6B9B6D0F2ADA1F8100C1C233 /* DailyDoodleTests.swift */,
			);
			path = DailyDoodleTests;
			sourceTree = "<group>";
		};
		6B9B6D182ADA1F8100C1C233 /* DailyDoodleUITests */ = {
			isa = PBXGroup;
			children = (
				6B9B6D192ADA1F8100C1C233 /* DailyDoodleUITests.swift */,
				6B9B6D1B2ADA1F8100C1C233 /* DailyDoodleUITestsLaunchTests.swift */,
			);
			path = DailyDoodleUITests;
			sourceTree = "<group>";
		};
		6B9B6D282ADA220100C1C233 /* UI */ = {
			isa = PBXGroup;
			children = (
				6BD24B8D2ADC4F1100B4FC10 /* Canvas */,
			);
			path = UI;
			sourceTree = "<group>";
		};
		6BD24B8D2ADC4F1100B4FC10 /* Canvas */ = {
			isa = PBXGroup;
			children = (
				6BD24B922ADF824600B4FC10 /* ToolBar */,
				6B9B6D292ADA23E600C1C233 /* DrawingView.swift */,
			);
			path = Canvas;
			sourceTree = "<group>";
		};
		6BD24B922ADF824600B4FC10 /* ToolBar */ = {
			isa = PBXGroup;
			children = (
				6BD24B902ADF822000B4FC10 /* ColorMenuButton.swift */,
				6BD24B8E2ADC4F2400B4FC10 /* ColorSelector.swift */,
				6BD24B932ADF82A600B4FC10 /* StrokeWidthSelector.swift */,
			);
			path = ToolBar;
			sourceTree = "<group>";
		};
		6D410B092AE1B12E00C6A001 /* Design */ = {
			isa = PBXGroup;
			children = (
				6D410B0A2AE1B23000C6A001 /* Gradient Background.swift */,
			);
			path = Design;
			sourceTree = "<group>";
		};
		6D410B0C2AE1B30B00C6A001 /* Login */ = {
			isa = PBXGroup;
			children = (
				6D410B0F2AE1B33F00C6A001 /* LandingView.swift */,
				6D410B0D2AE1B31A00C6A001 /* LoginView.swift */,
				6D410B112AE1B36700C6A001 /* CreateAccountView.swift */,
				6D410B132AE1B37800C6A001 /* ResetPasswordView.swift */,
			);
			path = Login;
			sourceTree = "<group>";
		};
/* End PBXGroup section */

/* Begin PBXNativeTarget section */
		6B9B6CF92ADA1F8000C1C233 /* DailyDoodle */ = {
			isa = PBXNativeTarget;
			buildConfigurationList = 6B9B6D1F2ADA1F8100C1C233 /* Build configuration list for PBXNativeTarget "DailyDoodle" */;
			buildPhases = (
				6B9B6CF62ADA1F8000C1C233 /* Sources */,
				6B9B6CF72ADA1F8000C1C233 /* Frameworks */,
				6B9B6CF82ADA1F8000C1C233 /* Resources */,
			);
			buildRules = (
			);
			dependencies = (
			);
			name = DailyDoodle;
			packageProductDependencies = (
				6B77A5B22AE418D400F05A2A /* FirebaseAnalytics */,
				6B77A5B42AE418D400F05A2A /* FirebaseAnalyticsSwift */,
				6B77A5B62AE418D400F05A2A /* FirebaseAuth */,
				6B77A5B82AE418D400F05A2A /* FirebaseFirestore */,
				6B77A5BA2AE418D400F05A2A /* FirebaseFirestoreSwift */,
			);
			productName = DailyDoodle;
			productReference = 6B9B6CFA2ADA1F8000C1C233 /* DailyDoodle.app */;
			productType = "com.apple.product-type.application";
		};
		6B9B6D0A2ADA1F8100C1C233 /* DailyDoodleTests */ = {
			isa = PBXNativeTarget;
			buildConfigurationList = 6B9B6D222ADA1F8100C1C233 /* Build configuration list for PBXNativeTarget "DailyDoodleTests" */;
			buildPhases = (
				6B9B6D072ADA1F8100C1C233 /* Sources */,
				6B9B6D082ADA1F8100C1C233 /* Frameworks */,
				6B9B6D092ADA1F8100C1C233 /* Resources */,
			);
			buildRules = (
			);
			dependencies = (
				6B9B6D0D2ADA1F8100C1C233 /* PBXTargetDependency */,
			);
			name = DailyDoodleTests;
			productName = DailyDoodleTests;
			productReference = 6B9B6D0B2ADA1F8100C1C233 /* DailyDoodleTests.xctest */;
			productType = "com.apple.product-type.bundle.unit-test";
		};
		6B9B6D142ADA1F8100C1C233 /* DailyDoodleUITests */ = {
			isa = PBXNativeTarget;
			buildConfigurationList = 6B9B6D252ADA1F8100C1C233 /* Build configuration list for PBXNativeTarget "DailyDoodleUITests" */;
			buildPhases = (
				6B9B6D112ADA1F8100C1C233 /* Sources */,
				6B9B6D122ADA1F8100C1C233 /* Frameworks */,
				6B9B6D132ADA1F8100C1C233 /* Resources */,
			);
			buildRules = (
			);
			dependencies = (
				6B9B6D172ADA1F8100C1C233 /* PBXTargetDependency */,
			);
			name = DailyDoodleUITests;
			productName = DailyDoodleUITests;
			productReference = 6B9B6D152ADA1F8100C1C233 /* DailyDoodleUITests.xctest */;
			productType = "com.apple.product-type.bundle.ui-testing";
		};
/* End PBXNativeTarget section */

/* Begin PBXProject section */
		6B9B6CF22ADA1F8000C1C233 /* Project object */ = {
			isa = PBXProject;
			attributes = {
				BuildIndependentTargetsInParallel = 1;
				LastSwiftUpdateCheck = 1500;
				LastUpgradeCheck = 1500;
				TargetAttributes = {
					6B9B6CF92ADA1F8000C1C233 = {
						CreatedOnToolsVersion = 15.0;
					};
					6B9B6D0A2ADA1F8100C1C233 = {
						CreatedOnToolsVersion = 15.0;
						TestTargetID = 6B9B6CF92ADA1F8000C1C233;
					};
					6B9B6D142ADA1F8100C1C233 = {
						CreatedOnToolsVersion = 15.0;
						TestTargetID = 6B9B6CF92ADA1F8000C1C233;
					};
				};
			};
			buildConfigurationList = 6B9B6CF52ADA1F8000C1C233 /* Build configuration list for PBXProject "DailyDoodle" */;
			compatibilityVersion = "Xcode 14.0";
			developmentRegion = en;
			hasScannedForEncodings = 0;
			knownRegions = (
				en,
				Base,
			);
			mainGroup = 6B9B6CF12ADA1F8000C1C233;
			packageReferences = (
				6B77A5B12AE418D400F05A2A /* XCRemoteSwiftPackageReference "firebase-ios-sdk" */,
			);
			productRefGroup = 6B9B6CFB2ADA1F8000C1C233 /* Products */;
			projectDirPath = "";
			projectRoot = "";
			targets = (
				6B9B6CF92ADA1F8000C1C233 /* DailyDoodle */,
				6B9B6D0A2ADA1F8100C1C233 /* DailyDoodleTests */,
				6B9B6D142ADA1F8100C1C233 /* DailyDoodleUITests */,
			);
		};
/* End PBXProject section */

/* Begin PBXResourcesBuildPhase section */
		6B9B6CF82ADA1F8000C1C233 /* Resources */ = {
			isa = PBXResourcesBuildPhase;
			buildActionMask = 2147483647;
			files = (
				6B9B6D062ADA1F8100C1C233 /* Preview Assets.xcassets in Resources */,
				6B9B6D022ADA1F8100C1C233 /* Assets.xcassets in Resources */,
				6B77A5B02AE415B500F05A2A /* GoogleService-Info.plist in Resources */,
			);
			runOnlyForDeploymentPostprocessing = 0;
		};
		6B9B6D092ADA1F8100C1C233 /* Resources */ = {
			isa = PBXResourcesBuildPhase;
			buildActionMask = 2147483647;
			files = (
			);
			runOnlyForDeploymentPostprocessing = 0;
		};
		6B9B6D132ADA1F8100C1C233 /* Resources */ = {
			isa = PBXResourcesBuildPhase;
			buildActionMask = 2147483647;
			files = (
			);
			runOnlyForDeploymentPostprocessing = 0;
		};
/* End PBXResourcesBuildPhase section */

/* Begin PBXSourcesBuildPhase section */
		6B9B6CF62ADA1F8000C1C233 /* Sources */ = {
			isa = PBXSourcesBuildPhase;
			buildActionMask = 2147483647;
			files = (
				6D410B102AE1B33F00C6A001 /* LandingView.swift in Sources */,
				6D410B0B2AE1B23000C6A001 /* Gradient Background.swift in Sources */,
				6B9B6CFE2ADA1F8000C1C233 /* DailyDoodleApp.swift in Sources */,
				6D410B122AE1B36700C6A001 /* CreateAccountView.swift in Sources */,
				6BD24B962ADF8B8800B4FC10 /* (null) in Sources */,
				6BD24B8F2ADC4F2400B4FC10 /* ColorSelector.swift in Sources */,
				6BD24B912ADF822000B4FC10 /* ColorMenuButton.swift in Sources */,
				6D410B142AE1B37800C6A001 /* ResetPasswordView.swift in Sources */,
				6B5AC7912AEC54A600688B64 /* Drawing.swift in Sources */,
				6B5AC7942AEC54CF00688B64 /* UserViewModel.swift in Sources */,
				6B9B6D2A2ADA23E600C1C233 /* DrawingView.swift in Sources */,
				6D410B0E2AE1B31A00C6A001 /* LoginView.swift in Sources */,
				6BD24B942ADF82A600B4FC10 /* StrokeWidthSelector.swift in Sources */,
			);
			runOnlyForDeploymentPostprocessing = 0;
		};
		6B9B6D072ADA1F8100C1C233 /* Sources */ = {
			isa = PBXSourcesBuildPhase;
			buildActionMask = 2147483647;
			files = (
				6B9B6D102ADA1F8100C1C233 /* DailyDoodleTests.swift in Sources */,
			);
			runOnlyForDeploymentPostprocessing = 0;
		};
		6B9B6D112ADA1F8100C1C233 /* Sources */ = {
			isa = PBXSourcesBuildPhase;
			buildActionMask = 2147483647;
			files = (
				6B9B6D1A2ADA1F8100C1C233 /* DailyDoodleUITests.swift in Sources */,
				6B9B6D1C2ADA1F8100C1C233 /* DailyDoodleUITestsLaunchTests.swift in Sources */,
			);
			runOnlyForDeploymentPostprocessing = 0;
		};
/* End PBXSourcesBuildPhase section */

/* Begin PBXTargetDependency section */
		6B9B6D0D2ADA1F8100C1C233 /* PBXTargetDependency */ = {
			isa = PBXTargetDependency;
			target = 6B9B6CF92ADA1F8000C1C233 /* DailyDoodle */;
			targetProxy = 6B9B6D0C2ADA1F8100C1C233 /* PBXContainerItemProxy */;
		};
		6B9B6D172ADA1F8100C1C233 /* PBXTargetDependency */ = {
			isa = PBXTargetDependency;
			target = 6B9B6CF92ADA1F8000C1C233 /* DailyDoodle */;
			targetProxy = 6B9B6D162ADA1F8100C1C233 /* PBXContainerItemProxy */;
		};
/* End PBXTargetDependency section */

/* Begin XCBuildConfiguration section */
		6B9B6D1D2ADA1F8100C1C233 /* Debug */ = {
			isa = XCBuildConfiguration;
			buildSettings = {
				ALWAYS_SEARCH_USER_PATHS = NO;
				ASSETCATALOG_COMPILER_GENERATE_SWIFT_ASSET_SYMBOL_EXTENSIONS = YES;
				CLANG_ANALYZER_NONNULL = YES;
				CLANG_ANALYZER_NUMBER_OBJECT_CONVERSION = YES_AGGRESSIVE;
				CLANG_CXX_LANGUAGE_STANDARD = "gnu++20";
				CLANG_ENABLE_MODULES = YES;
				CLANG_ENABLE_OBJC_ARC = YES;
				CLANG_ENABLE_OBJC_WEAK = YES;
				CLANG_WARN_BLOCK_CAPTURE_AUTORELEASING = YES;
				CLANG_WARN_BOOL_CONVERSION = YES;
				CLANG_WARN_COMMA = YES;
				CLANG_WARN_CONSTANT_CONVERSION = YES;
				CLANG_WARN_DEPRECATED_OBJC_IMPLEMENTATIONS = YES;
				CLANG_WARN_DIRECT_OBJC_ISA_USAGE = YES_ERROR;
				CLANG_WARN_DOCUMENTATION_COMMENTS = YES;
				CLANG_WARN_EMPTY_BODY = YES;
				CLANG_WARN_ENUM_CONVERSION = YES;
				CLANG_WARN_INFINITE_RECURSION = YES;
				CLANG_WARN_INT_CONVERSION = YES;
				CLANG_WARN_NON_LITERAL_NULL_CONVERSION = YES;
				CLANG_WARN_OBJC_IMPLICIT_RETAIN_SELF = YES;
				CLANG_WARN_OBJC_LITERAL_CONVERSION = YES;
				CLANG_WARN_OBJC_ROOT_CLASS = YES_ERROR;
				CLANG_WARN_QUOTED_INCLUDE_IN_FRAMEWORK_HEADER = YES;
				CLANG_WARN_RANGE_LOOP_ANALYSIS = YES;
				CLANG_WARN_STRICT_PROTOTYPES = YES;
				CLANG_WARN_SUSPICIOUS_MOVE = YES;
				CLANG_WARN_UNGUARDED_AVAILABILITY = YES_AGGRESSIVE;
				CLANG_WARN_UNREACHABLE_CODE = YES;
				CLANG_WARN__DUPLICATE_METHOD_MATCH = YES;
				COPY_PHASE_STRIP = NO;
				DEBUG_INFORMATION_FORMAT = dwarf;
				ENABLE_STRICT_OBJC_MSGSEND = YES;
				ENABLE_TESTABILITY = YES;
				ENABLE_USER_SCRIPT_SANDBOXING = YES;
				GCC_C_LANGUAGE_STANDARD = gnu17;
				GCC_DYNAMIC_NO_PIC = NO;
				GCC_NO_COMMON_BLOCKS = YES;
				GCC_OPTIMIZATION_LEVEL = 0;
				GCC_PREPROCESSOR_DEFINITIONS = (
					"DEBUG=1",
					"$(inherited)",
				);
				GCC_WARN_64_TO_32_BIT_CONVERSION = YES;
				GCC_WARN_ABOUT_RETURN_TYPE = YES_ERROR;
				GCC_WARN_UNDECLARED_SELECTOR = YES;
				GCC_WARN_UNINITIALIZED_AUTOS = YES_AGGRESSIVE;
				GCC_WARN_UNUSED_FUNCTION = YES;
				GCC_WARN_UNUSED_VARIABLE = YES;
				LOCALIZATION_PREFERS_STRING_CATALOGS = YES;
				MTL_ENABLE_DEBUG_INFO = INCLUDE_SOURCE;
				MTL_FAST_MATH = YES;
				ONLY_ACTIVE_ARCH = YES;
				SWIFT_ACTIVE_COMPILATION_CONDITIONS = "DEBUG $(inherited)";
				SWIFT_OPTIMIZATION_LEVEL = "-Onone";
			};
			name = Debug;
		};
		6B9B6D1E2ADA1F8100C1C233 /* Release */ = {
			isa = XCBuildConfiguration;
			buildSettings = {
				ALWAYS_SEARCH_USER_PATHS = NO;
				ASSETCATALOG_COMPILER_GENERATE_SWIFT_ASSET_SYMBOL_EXTENSIONS = YES;
				CLANG_ANALYZER_NONNULL = YES;
				CLANG_ANALYZER_NUMBER_OBJECT_CONVERSION = YES_AGGRESSIVE;
				CLANG_CXX_LANGUAGE_STANDARD = "gnu++20";
				CLANG_ENABLE_MODULES = YES;
				CLANG_ENABLE_OBJC_ARC = YES;
				CLANG_ENABLE_OBJC_WEAK = YES;
				CLANG_WARN_BLOCK_CAPTURE_AUTORELEASING = YES;
				CLANG_WARN_BOOL_CONVERSION = YES;
				CLANG_WARN_COMMA = YES;
				CLANG_WARN_CONSTANT_CONVERSION = YES;
				CLANG_WARN_DEPRECATED_OBJC_IMPLEMENTATIONS = YES;
				CLANG_WARN_DIRECT_OBJC_ISA_USAGE = YES_ERROR;
				CLANG_WARN_DOCUMENTATION_COMMENTS = YES;
				CLANG_WARN_EMPTY_BODY = YES;
				CLANG_WARN_ENUM_CONVERSION = YES;
				CLANG_WARN_INFINITE_RECURSION = YES;
				CLANG_WARN_INT_CONVERSION = YES;
				CLANG_WARN_NON_LITERAL_NULL_CONVERSION = YES;
				CLANG_WARN_OBJC_IMPLICIT_RETAIN_SELF = YES;
				CLANG_WARN_OBJC_LITERAL_CONVERSION = YES;
				CLANG_WARN_OBJC_ROOT_CLASS = YES_ERROR;
				CLANG_WARN_QUOTED_INCLUDE_IN_FRAMEWORK_HEADER = YES;
				CLANG_WARN_RANGE_LOOP_ANALYSIS = YES;
				CLANG_WARN_STRICT_PROTOTYPES = YES;
				CLANG_WARN_SUSPICIOUS_MOVE = YES;
				CLANG_WARN_UNGUARDED_AVAILABILITY = YES_AGGRESSIVE;
				CLANG_WARN_UNREACHABLE_CODE = YES;
				CLANG_WARN__DUPLICATE_METHOD_MATCH = YES;
				COPY_PHASE_STRIP = NO;
				DEBUG_INFORMATION_FORMAT = "dwarf-with-dsym";
				ENABLE_NS_ASSERTIONS = NO;
				ENABLE_STRICT_OBJC_MSGSEND = YES;
				ENABLE_USER_SCRIPT_SANDBOXING = YES;
				GCC_C_LANGUAGE_STANDARD = gnu17;
				GCC_NO_COMMON_BLOCKS = YES;
				GCC_WARN_64_TO_32_BIT_CONVERSION = YES;
				GCC_WARN_ABOUT_RETURN_TYPE = YES_ERROR;
				GCC_WARN_UNDECLARED_SELECTOR = YES;
				GCC_WARN_UNINITIALIZED_AUTOS = YES_AGGRESSIVE;
				GCC_WARN_UNUSED_FUNCTION = YES;
				GCC_WARN_UNUSED_VARIABLE = YES;
				LOCALIZATION_PREFERS_STRING_CATALOGS = YES;
				MTL_ENABLE_DEBUG_INFO = NO;
				MTL_FAST_MATH = YES;
				SWIFT_COMPILATION_MODE = wholemodule;
			};
			name = Release;
		};
		6B9B6D202ADA1F8100C1C233 /* Debug */ = {
			isa = XCBuildConfiguration;
			buildSettings = {
				ASSETCATALOG_COMPILER_APPICON_NAME = AppIcon;
				ASSETCATALOG_COMPILER_GLOBAL_ACCENT_COLOR_NAME = AccentColor;
				CODE_SIGN_ENTITLEMENTS = DailyDoodle/DailyDoodle.entitlements;
				CODE_SIGN_STYLE = Automatic;
				CURRENT_PROJECT_VERSION = 1;
				DEVELOPMENT_ASSET_PATHS = "\"DailyDoodle/Preview Content\"";
				DEVELOPMENT_TEAM = 38AN8KZ7HW;
				ENABLE_PREVIEWS = YES;
				GENERATE_INFOPLIST_FILE = YES;
				"INFOPLIST_KEY_UIApplicationSceneManifest_Generation[sdk=iphoneos*]" = YES;
				"INFOPLIST_KEY_UIApplicationSceneManifest_Generation[sdk=iphonesimulator*]" = YES;
				"INFOPLIST_KEY_UIApplicationSupportsIndirectInputEvents[sdk=iphoneos*]" = YES;
				"INFOPLIST_KEY_UIApplicationSupportsIndirectInputEvents[sdk=iphonesimulator*]" = YES;
				"INFOPLIST_KEY_UILaunchScreen_Generation[sdk=iphoneos*]" = YES;
				"INFOPLIST_KEY_UILaunchScreen_Generation[sdk=iphonesimulator*]" = YES;
				"INFOPLIST_KEY_UIStatusBarStyle[sdk=iphoneos*]" = UIStatusBarStyleDefault;
				"INFOPLIST_KEY_UIStatusBarStyle[sdk=iphonesimulator*]" = UIStatusBarStyleDefault;
				INFOPLIST_KEY_UISupportedInterfaceOrientations = UIInterfaceOrientationPortrait;
				IPHONEOS_DEPLOYMENT_TARGET = 16.4;
				LD_RUNPATH_SEARCH_PATHS = "@executable_path/Frameworks";
				"LD_RUNPATH_SEARCH_PATHS[sdk=macosx*]" = "@executable_path/../Frameworks";
				MACOSX_DEPLOYMENT_TARGET = 14.0;
				MARKETING_VERSION = 1.0;
				PRODUCT_BUNDLE_IDENTIFIER = com.ian.DailyDoodle;
				PRODUCT_NAME = "$(TARGET_NAME)";
				SDKROOT = auto;
				SUPPORTED_PLATFORMS = "iphoneos iphonesimulator macosx";
				SWIFT_EMIT_LOC_STRINGS = YES;
				SWIFT_VERSION = 5.0;
				TARGETED_DEVICE_FAMILY = "1,2";
			};
			name = Debug;
		};
		6B9B6D212ADA1F8100C1C233 /* Release */ = {
			isa = XCBuildConfiguration;
			buildSettings = {
				ASSETCATALOG_COMPILER_APPICON_NAME = AppIcon;
				ASSETCATALOG_COMPILER_GLOBAL_ACCENT_COLOR_NAME = AccentColor;
				CODE_SIGN_ENTITLEMENTS = DailyDoodle/DailyDoodle.entitlements;
				CODE_SIGN_STYLE = Automatic;
				CURRENT_PROJECT_VERSION = 1;
				DEVELOPMENT_ASSET_PATHS = "\"DailyDoodle/Preview Content\"";
				DEVELOPMENT_TEAM = 38AN8KZ7HW;
				ENABLE_PREVIEWS = YES;
				GENERATE_INFOPLIST_FILE = YES;
				"INFOPLIST_KEY_UIApplicationSceneManifest_Generation[sdk=iphoneos*]" = YES;
				"INFOPLIST_KEY_UIApplicationSceneManifest_Generation[sdk=iphonesimulator*]" = YES;
				"INFOPLIST_KEY_UIApplicationSupportsIndirectInputEvents[sdk=iphoneos*]" = YES;
				"INFOPLIST_KEY_UIApplicationSupportsIndirectInputEvents[sdk=iphonesimulator*]" = YES;
				"INFOPLIST_KEY_UILaunchScreen_Generation[sdk=iphoneos*]" = YES;
				"INFOPLIST_KEY_UILaunchScreen_Generation[sdk=iphonesimulator*]" = YES;
				"INFOPLIST_KEY_UIStatusBarStyle[sdk=iphoneos*]" = UIStatusBarStyleDefault;
				"INFOPLIST_KEY_UIStatusBarStyle[sdk=iphonesimulator*]" = UIStatusBarStyleDefault;
				INFOPLIST_KEY_UISupportedInterfaceOrientations = UIInterfaceOrientationPortrait;
				IPHONEOS_DEPLOYMENT_TARGET = 16.4;
				LD_RUNPATH_SEARCH_PATHS = "@executable_path/Frameworks";
				"LD_RUNPATH_SEARCH_PATHS[sdk=macosx*]" = "@executable_path/../Frameworks";
				MACOSX_DEPLOYMENT_TARGET = 14.0;
				MARKETING_VERSION = 1.0;
				PRODUCT_BUNDLE_IDENTIFIER = com.ian.DailyDoodle;
				PRODUCT_NAME = "$(TARGET_NAME)";
				SDKROOT = auto;
				SUPPORTED_PLATFORMS = "iphoneos iphonesimulator macosx";
				SWIFT_EMIT_LOC_STRINGS = YES;
				SWIFT_VERSION = 5.0;
				TARGETED_DEVICE_FAMILY = "1,2";
			};
			name = Release;
		};
		6B9B6D232ADA1F8100C1C233 /* Debug */ = {
			isa = XCBuildConfiguration;
			buildSettings = {
				ALWAYS_EMBED_SWIFT_STANDARD_LIBRARIES = YES;
				BUNDLE_LOADER = "$(TEST_HOST)";
				CODE_SIGN_STYLE = Automatic;
				CURRENT_PROJECT_VERSION = 1;
				GENERATE_INFOPLIST_FILE = YES;
				IPHONEOS_DEPLOYMENT_TARGET = 17.0;
				MACOSX_DEPLOYMENT_TARGET = 14.0;
				MARKETING_VERSION = 1.0;
				PRODUCT_BUNDLE_IDENTIFIER = com.ian.DailyDoodleTests;
				PRODUCT_NAME = "$(TARGET_NAME)";
				SDKROOT = auto;
				SUPPORTED_PLATFORMS = "iphoneos iphonesimulator macosx";
				SWIFT_EMIT_LOC_STRINGS = NO;
				SWIFT_VERSION = 5.0;
				TARGETED_DEVICE_FAMILY = "1,2";
				TEST_HOST = "$(BUILT_PRODUCTS_DIR)/DailyDoodle.app/$(BUNDLE_EXECUTABLE_FOLDER_PATH)/DailyDoodle";
			};
			name = Debug;
		};
		6B9B6D242ADA1F8100C1C233 /* Release */ = {
			isa = XCBuildConfiguration;
			buildSettings = {
				ALWAYS_EMBED_SWIFT_STANDARD_LIBRARIES = YES;
				BUNDLE_LOADER = "$(TEST_HOST)";
				CODE_SIGN_STYLE = Automatic;
				CURRENT_PROJECT_VERSION = 1;
				GENERATE_INFOPLIST_FILE = YES;
				IPHONEOS_DEPLOYMENT_TARGET = 17.0;
				MACOSX_DEPLOYMENT_TARGET = 14.0;
				MARKETING_VERSION = 1.0;
				PRODUCT_BUNDLE_IDENTIFIER = com.ian.DailyDoodleTests;
				PRODUCT_NAME = "$(TARGET_NAME)";
				SDKROOT = auto;
				SUPPORTED_PLATFORMS = "iphoneos iphonesimulator macosx";
				SWIFT_EMIT_LOC_STRINGS = NO;
				SWIFT_VERSION = 5.0;
				TARGETED_DEVICE_FAMILY = "1,2";
				TEST_HOST = "$(BUILT_PRODUCTS_DIR)/DailyDoodle.app/$(BUNDLE_EXECUTABLE_FOLDER_PATH)/DailyDoodle";
			};
			name = Release;
		};
		6B9B6D262ADA1F8100C1C233 /* Debug */ = {
			isa = XCBuildConfiguration;
			buildSettings = {
				ALWAYS_EMBED_SWIFT_STANDARD_LIBRARIES = YES;
				CODE_SIGN_STYLE = Automatic;
				CURRENT_PROJECT_VERSION = 1;
				GENERATE_INFOPLIST_FILE = YES;
				IPHONEOS_DEPLOYMENT_TARGET = 17.0;
				MACOSX_DEPLOYMENT_TARGET = 14.0;
				MARKETING_VERSION = 1.0;
				PRODUCT_BUNDLE_IDENTIFIER = com.ian.DailyDoodleUITests;
				PRODUCT_NAME = "$(TARGET_NAME)";
				SDKROOT = auto;
				SUPPORTED_PLATFORMS = "iphoneos iphonesimulator macosx";
				SWIFT_EMIT_LOC_STRINGS = NO;
				SWIFT_VERSION = 5.0;
				TARGETED_DEVICE_FAMILY = "1,2";
				TEST_TARGET_NAME = DailyDoodle;
			};
			name = Debug;
		};
		6B9B6D272ADA1F8100C1C233 /* Release */ = {
			isa = XCBuildConfiguration;
			buildSettings = {
				ALWAYS_EMBED_SWIFT_STANDARD_LIBRARIES = YES;
				CODE_SIGN_STYLE = Automatic;
				CURRENT_PROJECT_VERSION = 1;
				GENERATE_INFOPLIST_FILE = YES;
				IPHONEOS_DEPLOYMENT_TARGET = 17.0;
				MACOSX_DEPLOYMENT_TARGET = 14.0;
				MARKETING_VERSION = 1.0;
				PRODUCT_BUNDLE_IDENTIFIER = com.ian.DailyDoodleUITests;
				PRODUCT_NAME = "$(TARGET_NAME)";
				SDKROOT = auto;
				SUPPORTED_PLATFORMS = "iphoneos iphonesimulator macosx";
				SWIFT_EMIT_LOC_STRINGS = NO;
				SWIFT_VERSION = 5.0;
				TARGETED_DEVICE_FAMILY = "1,2";
				TEST_TARGET_NAME = DailyDoodle;
			};
			name = Release;
		};
/* End XCBuildConfiguration section */

/* Begin XCConfigurationList section */
		6B9B6CF52ADA1F8000C1C233 /* Build configuration list for PBXProject "DailyDoodle" */ = {
			isa = XCConfigurationList;
			buildConfigurations = (
				6B9B6D1D2ADA1F8100C1C233 /* Debug */,
				6B9B6D1E2ADA1F8100C1C233 /* Release */,
			);
			defaultConfigurationIsVisible = 0;
			defaultConfigurationName = Release;
		};
		6B9B6D1F2ADA1F8100C1C233 /* Build configuration list for PBXNativeTarget "DailyDoodle" */ = {
			isa = XCConfigurationList;
			buildConfigurations = (
				6B9B6D202ADA1F8100C1C233 /* Debug */,
				6B9B6D212ADA1F8100C1C233 /* Release */,
			);
			defaultConfigurationIsVisible = 0;
			defaultConfigurationName = Release;
		};
		6B9B6D222ADA1F8100C1C233 /* Build configuration list for PBXNativeTarget "DailyDoodleTests" */ = {
			isa = XCConfigurationList;
			buildConfigurations = (
				6B9B6D232ADA1F8100C1C233 /* Debug */,
				6B9B6D242ADA1F8100C1C233 /* Release */,
			);
			defaultConfigurationIsVisible = 0;
			defaultConfigurationName = Release;
		};
		6B9B6D252ADA1F8100C1C233 /* Build configuration list for PBXNativeTarget "DailyDoodleUITests" */ = {
			isa = XCConfigurationList;
			buildConfigurations = (
				6B9B6D262ADA1F8100C1C233 /* Debug */,
				6B9B6D272ADA1F8100C1C233 /* Release */,
			);
			defaultConfigurationIsVisible = 0;
			defaultConfigurationName = Release;
		};
/* End XCConfigurationList section */

/* Begin XCRemoteSwiftPackageReference section */
		6B77A5B12AE418D400F05A2A /* XCRemoteSwiftPackageReference "firebase-ios-sdk" */ = {
			isa = XCRemoteSwiftPackageReference;
			repositoryURL = "https://github.com/firebase/firebase-ios-sdk.git";
			requirement = {
				kind = upToNextMajorVersion;
				minimumVersion = 10.16.0;
			};
		};
/* End XCRemoteSwiftPackageReference section */

/* Begin XCSwiftPackageProductDependency section */
		6B77A5B22AE418D400F05A2A /* FirebaseAnalytics */ = {
			isa = XCSwiftPackageProductDependency;
			package = 6B77A5B12AE418D400F05A2A /* XCRemoteSwiftPackageReference "firebase-ios-sdk" */;
			productName = FirebaseAnalytics;
		};
		6B77A5B42AE418D400F05A2A /* FirebaseAnalyticsSwift */ = {
			isa = XCSwiftPackageProductDependency;
			package = 6B77A5B12AE418D400F05A2A /* XCRemoteSwiftPackageReference "firebase-ios-sdk" */;
			productName = FirebaseAnalyticsSwift;
		};
		6B77A5B62AE418D400F05A2A /* FirebaseAuth */ = {
			isa = XCSwiftPackageProductDependency;
			package = 6B77A5B12AE418D400F05A2A /* XCRemoteSwiftPackageReference "firebase-ios-sdk" */;
			productName = FirebaseAuth;
		};
		6B77A5B82AE418D400F05A2A /* FirebaseFirestore */ = {
			isa = XCSwiftPackageProductDependency;
			package = 6B77A5B12AE418D400F05A2A /* XCRemoteSwiftPackageReference "firebase-ios-sdk" */;
			productName = FirebaseFirestore;
		};
		6B77A5BA2AE418D400F05A2A /* FirebaseFirestoreSwift */ = {
			isa = XCSwiftPackageProductDependency;
			package = 6B77A5B12AE418D400F05A2A /* XCRemoteSwiftPackageReference "firebase-ios-sdk" */;
			productName = FirebaseFirestoreSwift;
		};
/* End XCSwiftPackageProductDependency section */
	};
	rootObject = 6B9B6CF22ADA1F8000C1C233 /* Project object */;
}
